
Microsoft Visual Studio Solution File, Format Version 12.00
# Visual Studio 14
VisualStudioVersion = 14.0.25420.1
MinimumVisualStudioVersion = 10.0.40219.1
Project("{FAE04EC0-301F-11D3-BF4B-00C04F79EFBC}") = "WindowsFormsApplication3", "WindowsFormsApplication3\WindowsFormsApplication3.csproj", "{60B199C5-BA79-4DC1-A1D1-C48E51EBFAA0}"
EndProject
Project("{FAE04EC0-301F-11D3-BF4B-00C04F79EFBC}") = "MyPointLib", "ClassLibrary1\MyPointLib.csproj", "{78CA015B-AE25-464E-99D0-C8B1AEA9A447}"
EndProject
Project("{FAE04EC0-301F-11D3-BF4B-00C04F79EFBC}") = "UnitTestProject1", "UnitTestProject1\UnitTestProject1.csproj", "{381E124E-CE15-42D0-B108-6F1D0F0FFEDA}"
EndProject
Global
	GlobalSection(SolutionConfigurationPlatforms) = preSolution
		Debug|Any CPU = Debug|Any CPU
		Release|Any CPU = Release|Any CPU
	EndGlobalSection
	GlobalSection(ProjectConfigurationPlatforms) = postSolution
		{60B199C5-BA79-4DC1-A1D1-C48E51EBFAA0}.Debug|Any CPU.ActiveCfg = Debug|Any CPU
		{60B199C5-BA79-4DC1-A1D1-C48E51EBFAA0}.Debug|Any CPU.Build.0 = Debug|Any CPU
		{60B199C5-BA79-4DC1-A1D1-C48E51EBFAA0}.Release|Any CPU.ActiveCfg = Release|Any CPU
		{60B199C5-BA79-4DC1-A1D1-C48E51EBFAA0}.Release|Any CPU.Build.0 = Release|Any CPU
		{78CA015B-AE25-464E-99D0-C8B1AEA9A447}.Debug|Any CPU.ActiveCfg = Debug|Any CPU
		{78CA015B-AE25-464E-99D0-C8B1AEA9A447}.Debug|Any CPU.Build.0 = Debug|Any CPU
		{78CA015B-AE25-464E-99D0-C8B1AEA9A447}.Release|Any CPU.ActiveCfg = Release|Any CPU
		{78CA015B-AE25-464E-99D0-C8B1AEA9A447}.Release|Any CPU.Build.0 = Release|Any CPU
		{381E124E-CE15-42D0-B108-6F1D0F0FFEDA}.Debug|Any CPU.ActiveCfg = Debug|Any CPU
		{381E124E-CE15-42D0-B108-6F1D0F0FFEDA}.Debug|Any CPU.Build.0 = Debug|Any CPU
		{381E124E-CE15-42D0-B108-6F1D0F0FFEDA}.Release|Any CPU.ActiveCfg = Release|Any CPU
		{381E124E-CE15-42D0-B108-6F1D0F0FFEDA}.Release|Any CPU.Build.0 = Release|Any CPU
	EndGlobalSection
	GlobalSection(SolutionProperties) = preSolution
		HideSolutionNode = FALSE
	EndGlobalSection
EndGlobal
